
Microsoft Visual Studio Solution File, Format Version 12.00
# Visual Studio 15
VisualStudioVersion = 15.0.26730.15
MinimumVisualStudioVersion = 10.0.40219.1
Project("{FAE04EC0-301F-11D3-BF4B-00C04F79EFBC}") = "Publish", "Publish\Publish.csproj", "{89E46903-3DA6-40FF-8033-D67E5536E8B1}"
EndProject
Project("{FAE04EC0-301F-11D3-BF4B-00C04F79EFBC}") = "Receive", "Receive\Receive.csproj", "{50C6A2DD-7AF7-449F-A7D0-586C90BB1CCC}"
EndProject
Global
	GlobalSection(SolutionConfigurationPlatforms) = preSolution
		Debug|Any CPU = Debug|Any CPU
		Release|Any CPU = Release|Any CPU
	EndGlobalSection
	GlobalSection(ProjectConfigurationPlatforms) = postSolution
		{89E46903-3DA6-40FF-8033-D67E5536E8B1}.Debug|Any CPU.ActiveCfg = Debug|Any CPU
		{89E46903-3DA6-40FF-8033-D67E5536E8B1}.Debug|Any CPU.Build.0 = Debug|Any CPU
		{89E46903-3DA6-40FF-8033-D67E5536E8B1}.Release|Any CPU.ActiveCfg = Release|Any CPU
		{89E46903-3DA6-40FF-8033-D67E5536E8B1}.Release|Any CPU.Build.0 = Release|Any CPU
		{50C6A2DD-7AF7-449F-A7D0-586C90BB1CCC}.Debug|Any CPU.ActiveCfg = Debug|Any CPU
		{50C6A2DD-7AF7-449F-A7D0-586C90BB1CCC}.Debug|Any CPU.Build.0 = Debug|Any CPU
		{50C6A2DD-7AF7-449F-A7D0-586C90BB1CCC}.Release|Any CPU.ActiveCfg = Release|Any CPU
		{50C6A2DD-7AF7-449F-A7D0-586C90BB1CCC}.Release|Any CPU.Build.0 = Release|Any CPU
	EndGlobalSection
	GlobalSection(SolutionProperties) = preSolution
		HideSolutionNode = FALSE
	EndGlobalSection
	GlobalSection(ExtensibilityGlobals) = postSolution
		SolutionGuid = {1B692582-EB23-4AB6-A04D-52101238A805}
	EndGlobalSection
EndGlobal
